
Microsoft Visual Studio Solution File, Format Version 12.00
# Visual Studio Version 16
VisualStudioVersion = 16.0.29424.173
MinimumVisualStudioVersion = 10.0.40219.1
Project("{FAE04EC0-301F-11D3-BF4B-00C04F79EFBC}") = "FahrenheitToCelsius", "FahrenheitToCelsius\FahrenheitToCelsius.csproj", "{D0FBABF5-3B35-4561-A95B-DA6C83AEF57A}"
EndProject
Global
	GlobalSection(SolutionConfigurationPlatforms) = preSolution
		Debug|Any CPU = Debug|Any CPU
		Release|Any CPU = Release|Any CPU
	EndGlobalSection
	GlobalSection(ProjectConfigurationPlatforms) = postSolution
		{D0FBABF5-3B35-4561-A95B-DA6C83AEF57A}.Debug|Any CPU.ActiveCfg = Debug|Any CPU
		{D0FBABF5-3B35-4561-A95B-DA6C83AEF57A}.Debug|Any CPU.Build.0 = Debug|Any CPU
		{D0FBABF5-3B35-4561-A95B-DA6C83AEF57A}.Release|Any CPU.ActiveCfg = Release|Any CPU
		{D0FBABF5-3B35-4561-A95B-DA6C83AEF57A}.Release|Any CPU.Build.0 = Release|Any CPU
	EndGlobalSection
	GlobalSection(SolutionProperties) = preSolution
		HideSolutionNode = FALSE
	EndGlobalSection
	GlobalSection(ExtensibilityGlobals) = postSolution
		SolutionGuid = {89D834DD-0DFE-45B2-90F6-364F753C9D20}
	EndGlobalSection
EndGlobal
